# This file is automatically @generated by Poetry 1.6.1 and should not be changed by hand.

[[package]]
name = "adafruit-blinka"
version = "8.22.3"
description = "CircuitPython APIs for non-CircuitPython versions of Python such as CPython on Linux and MicroPython."
optional = false
python-versions = ">=3.7.0"
files = [
    {file = "Adafruit-Blinka-8.22.3.tar.gz", hash = "sha256:f3ac2310c1a8a4b19c951caa90ba9818b0e13357436f0eb8111280b52c22f462"},
    {file = "Adafruit_Blinka-8.22.3-py3-none-any.whl", hash = "sha256:f240512b46686725c2189b129e4cbf9d713728a2900c8f06aaae6b41c4dfcf53"},
]

[package.dependencies]
adafruit-circuitpython-typing = "*"
Adafruit-PlatformDetect = ">=3.52.0"
Adafruit-PureIO = ">=1.1.7"
pyftdi = ">=0.40.0"

[[package]]
name = "adafruit-blinka-displayio"
version = "0.11.1"
description = "displayio for Blinka"
optional = false
python-versions = "*"
files = [
    {file = "adafruit-blinka-displayio-0.11.1.tar.gz", hash = "sha256:db7fdb2d12a3c368c1b2e3309c741941268e9257ea85cf78f25538e4b89f3d80"},
    {file = "adafruit_blinka_displayio-0.11.1-py3-none-any.whl", hash = "sha256:63e2f208c549864e2abf1916b603e97121f5c7b41cb41c261226ff646d6a05b9"},
]

[package.dependencies]
Adafruit-Blinka = ">=7.0.0"
adafruit-circuitpython-typing = "*"
numpy = "*"
pillow = ">=9.2.0"

[[package]]
name = "adafruit-circuitpython-adafruitio"
version = "5.7.2"
description = "Adafruit IO for CircuitPython"
optional = false
python-versions = "*"
files = [
    {file = "adafruit-circuitpython-adafruitio-5.7.2.tar.gz", hash = "sha256:cb1f762e7b9086e57938b1081d59c04bcf9b27560af057f48874b913240585aa"},
    {file = "adafruit_circuitpython_adafruitio-5.7.2-py3-none-any.whl", hash = "sha256:6c49a4ec19d2855588e2a3559d5867b8948cb76f597b8c00f54e77aa1d331715"},
]

[package.dependencies]
Adafruit-Blinka = "*"
adafruit-circuitpython-minimqtt = "*"

[[package]]
name = "adafruit-circuitpython-bitmap-font"
version = "2.0.1"
description = "Loads bitmap fonts into CircuitPython displayio."
optional = false
python-versions = "*"
files = [
    {file = "adafruit-circuitpython-bitmap_font-2.0.1.tar.gz", hash = "sha256:2c40c45c2b7de636ae59f11b8ab615ffdd52205f314e10251608ceec1ade0c3f"},
    {file = "adafruit_circuitpython_bitmap_font-2.0.1-py3-none-any.whl", hash = "sha256:4e594169f842673640101be88742c878eea6890b6bbafd0a8a60ab8a11804a45"},
]

[package.dependencies]
Adafruit-Blinka = "*"
adafruit-blinka-displayio = "*"

[[package]]
name = "adafruit-circuitpython-busdevice"
version = "5.2.6"
description = "CircuitPython bus device classes to manage bus sharing."
optional = false
python-versions = "*"
files = [
    {file = "adafruit-circuitpython-busdevice-5.2.6.tar.gz", hash = "sha256:ed06f5552e5567b0c89589c5bc6ef3adcac67d59eb505ce9127af99f33c2bc90"},
    {file = "adafruit_circuitpython_busdevice-5.2.6-py3-none-any.whl", hash = "sha256:9f25577843f0a338a0936a1b57436f4451f7783b38e3cf46160b6be78faeaa44"},
]

[package.dependencies]
Adafruit-Blinka = ">=7.0.0"
adafruit-circuitpython-typing = "*"

[[package]]
name = "adafruit-circuitpython-datetime"
version = "1.2.5"
description = "Subset of CPython datetime module"
optional = false
python-versions = "*"
files = [
    {file = "adafruit-circuitpython-datetime-1.2.5.tar.gz", hash = "sha256:9708d4fc4c3bdee4e662a1c75ef67c68c0ef18f9d1c63c21138609265124b56a"},
    {file = "adafruit_circuitpython_datetime-1.2.5-py3-none-any.whl", hash = "sha256:16bcbfb418d6ef9e97c08a1a5d77340853982f53ae976c0fa64845d95cada8c7"},
]

[package.dependencies]
Adafruit-Blinka = "*"

[[package]]
name = "adafruit-circuitpython-display-text"
version = "3.0.0"
description = "Displays text using CircuitPython's displayio."
optional = false
python-versions = "*"
files = [
    {file = "adafruit-circuitpython-display-text-3.0.0.tar.gz", hash = "sha256:528097f1fd2a75f1159ba98f39e16aeb24b4d1015eddd121309c73b4eaf7e21f"},
    {file = "adafruit_circuitpython_display_text-3.0.0-py3-none-any.whl", hash = "sha256:6fd9efd4c996feaa8d09ec51ca4231d6a35faabbcd06efa846251118b13f68f5"},
]

[package.dependencies]
Adafruit-Blinka = "*"
Adafruit-Blinka-displayio = ">=0.10.2"
adafruit-circuitpython-bitmap-font = "*"

[[package]]
name = "adafruit-circuitpython-esp32spi"
version = "6.0.1"
description = "CircuitPython driver library for using ESP32 as WiFi  co-processor using SPI"
optional = false
python-versions = "*"
files = [
    {file = "adafruit-circuitpython-esp32spi-6.0.1.tar.gz", hash = "sha256:f3a2b5c094efbbb0f69ec2635506e5f6ce3faebef5065a2ec249249aaf94f84a"},
    {file = "adafruit_circuitpython_esp32spi-6.0.1-py3-none-any.whl", hash = "sha256:45ed743ad9ba1916ae31ca9502bdd435348d5140efa71d7a5ab15e805cb863b6"},
]

[package.dependencies]
Adafruit-Blinka = "*"
adafruit-circuitpython-busdevice = "*"
adafruit-circuitpython-requests = "*"

[package.extras]
optional = ["adafruit-circuitpython-fancyled", "adafruit-circuitpython-neopixel", "adafruit-circuitpython-requests"]

[[package]]
name = "adafruit-circuitpython-fakerequests"
version = "1.0.12"
description = "Fake Network Requests helper that retrieves data from a local file."
optional = false
python-versions = "*"
files = [
    {file = "adafruit-circuitpython-fakerequests-1.0.12.tar.gz", hash = "sha256:b12ad2a58f9aa9654e2514e7910a94f83a420fe217e818d99682baabada2b993"},
    {file = "adafruit_circuitpython_fakerequests-1.0.12-py3-none-any.whl", hash = "sha256:e6d896af711320d1252e46a77a0b2634003eae3e8bce2f7b57311deb0d9bc9d8"},
]

[package.dependencies]
Adafruit-Blinka = "*"

[[package]]
name = "adafruit-circuitpython-lis3dh"
version = "5.2.0"
description = "CircuitPython library for LIS3DH accelerometer."
optional = false
python-versions = "*"
files = [
    {file = "adafruit-circuitpython-lis3dh-5.2.0.tar.gz", hash = "sha256:7b99b898ee2f5083630c3b1b130688adcce695b9bf03e384840da7767bc88004"},
    {file = "adafruit_circuitpython_lis3dh-5.2.0-py3-none-any.whl", hash = "sha256:b8ddb52a8c916422126eada0c512b22c6b307150b64a065a452bdb66d6fd6706"},
]

[package.dependencies]
Adafruit-Blinka = "*"
adafruit-circuitpython-busdevice = "*"

[[package]]
name = "adafruit-circuitpython-matrixportal"
version = "3.1.11"
description = "CircuitPython helper for Adafruit MatrixPortal M4, Adafruit RGB Matrix Shield + Metro M4 Airlift Lite, and Adafruit RGB Matrix FeatherWings"
optional = false
python-versions = "*"
files = [
    {file = "adafruit-circuitpython-matrixportal-3.1.11.tar.gz", hash = "sha256:2e34d4f44d8048249455ba0e514cbab35c3d7eabcbb5c9196833e6bb0442f9cc"},
    {file = "adafruit_circuitpython_matrixportal-3.1.11-py3-none-any.whl", hash = "sha256:9998cf1c9e824d569e6d20b85ca3464497a975bb6bbb3d5891b7fd574a24e776"},
]

[package.dependencies]
Adafruit-Blinka = "*"
Adafruit-Blinka-displayio = "*"
adafruit-circuitpython-adafruitio = "*"
adafruit-circuitpython-bitmap-font = "*"
adafruit-circuitpython-display-text = "*"
adafruit-circuitpython-esp32spi = "*"
adafruit-circuitpython-neopixel = "*"
adafruit-circuitpython-portalbase = "*"
adafruit-circuitpython-requests = "*"

[[package]]
name = "adafruit-circuitpython-minimqtt"
version = "7.4.1"
description = "MQTT client library for CircuitPython"
optional = false
python-versions = "*"
files = [
    {file = "adafruit-circuitpython-minimqtt-7.4.1.tar.gz", hash = "sha256:2ee8946dbf19617ff56cbe24ea4c60017729de2ab888ed1a6b19442d168fdcc2"},
    {file = "adafruit_circuitpython_minimqtt-7.4.1-py3-none-any.whl", hash = "sha256:8da2c87fd0f8c22bb89c45b3187419e228983d8b8c4deae65c1f63b2cd355308"},
]

[package.dependencies]
Adafruit-Blinka = "*"

[[package]]
name = "adafruit-circuitpython-miniqr"
version = "2.0.1"
description = "A non-hardware dependant miniature QR generator library. All native Python!"
optional = false
python-versions = "*"
files = [
    {file = "adafruit-circuitpython-miniqr-2.0.1.tar.gz", hash = "sha256:1f23e2ff711ea95afaf3ae8eea1baa59c058afd83ac230c386328cc6f38a63ed"},
    {file = "adafruit_circuitpython_miniqr-2.0.1-py3-none-any.whl", hash = "sha256:88f3a8bd02178210828ab1c9eae4e349483f7c1e6eb0fa5342bdd7ad6e112f1f"},
]

[[package]]
name = "adafruit-circuitpython-neopixel"
version = "6.3.9"
description = "CircuitPython library for NeoPixel LEDs."
optional = false
python-versions = "*"
files = [
    {file = "adafruit-circuitpython-neopixel-6.3.9.tar.gz", hash = "sha256:a0f483d594a3cdd347b7f03fcd75b000dc74326d1b5f5e61ba800518996ae91b"},
    {file = "adafruit_circuitpython_neopixel-6.3.9-py3-none-any.whl", hash = "sha256:f08bfd9e0b463b2efc7847029e9fa4608240267416c7440e81157d71a4cb6d0c"},
]

[package.dependencies]
Adafruit-Blinka = "*"
adafruit-circuitpython-pixelbuf = "*"

[[package]]
name = "adafruit-circuitpython-pixelbuf"
version = "2.0.2"
description = "A pure Python implementation of adafruit_pixelbuf for smaller boards."
optional = false
python-versions = "*"
files = [
    {file = "adafruit-circuitpython-pixelbuf-2.0.2.tar.gz", hash = "sha256:063bd654b68b454b63eaf396d1299791eadcaa8f6240a1651e180fe384a68164"},
    {file = "adafruit_circuitpython_pixelbuf-2.0.2-py3-none-any.whl", hash = "sha256:05f6cf8613c2b54ed929408a8794baf7a22738268bbf31b0a8b1e5fed83c3ace"},
]

[package.dependencies]
Adafruit-Blinka = "*"

[[package]]
name = "adafruit-circuitpython-portalbase"
version = "1.15.1"
description = "Base Library for the Portal-style libraries."
optional = false
python-versions = "*"
files = [
    {file = "adafruit-circuitpython-portalbase-1.15.1.tar.gz", hash = "sha256:e6e365a47c79b9ef747c55be8909a11f63af52ed47cb455e38ace70045c1ecd7"},
    {file = "adafruit_circuitpython_portalbase-1.15.1-py3-none-any.whl", hash = "sha256:95fbaf3afebbf7010f13f2f6c9e41f9e3a83ecbf881273f56d2ff7e479388817"},
]

[package.dependencies]
Adafruit-Blinka = "*"
Adafruit-Blinka-displayio = "*"
adafruit-circuitpython-adafruitio = "*"
adafruit-circuitpython-bitmap-font = "*"
adafruit-circuitpython-display-text = "*"
adafruit-circuitpython-fakerequests = "*"
adafruit-circuitpython-miniqr = "*"
adafruit-circuitpython-neopixel = "*"
adafruit-circuitpython-requests = "*"
adafruit-circuitpython-simpleio = "*"

[[package]]
name = "adafruit-circuitpython-requests"
version = "2.0.1"
description = "A requests-like library for web interfacing"
optional = false
python-versions = "*"
files = [
    {file = "adafruit-circuitpython-requests-2.0.1.tar.gz", hash = "sha256:904bf113261ce78eaeebb7cf5209db318cec073a93c3aeeccac36606d842b6d7"},
    {file = "adafruit_circuitpython_requests-2.0.1-py3-none-any.whl", hash = "sha256:6fa26dd0eefd2a2df7cc4ddf38cf0fdf1c3307ba95a9ed0255d5559f1d28bd44"},
]

[package.dependencies]
Adafruit-Blinka = "*"

[[package]]
name = "adafruit-circuitpython-simpleio"
version = "3.0.11"
description = "CircuitPython helper library to simplify hardware interactions."
optional = false
python-versions = "*"
files = [
    {file = "adafruit-circuitpython-simpleio-3.0.11.tar.gz", hash = "sha256:a4adc5b0ed6d40e59356b47a5f7d23780920b78a9639ae34066e115b172efb3d"},
    {file = "adafruit_circuitpython_simpleio-3.0.11-py3-none-any.whl", hash = "sha256:f98dabfac5b7d199a1a12f3f430070b47f5840eb1aab04110edb376f1d30a3cd"},
]

[package.dependencies]
Adafruit-Blinka = "*"

[[package]]
name = "adafruit-circuitpython-typing"
version = "1.9.4"
description = "Types needed for type annotation that are not in `typing`"
optional = false
python-versions = "*"
files = [
    {file = "adafruit-circuitpython-typing-1.9.4.tar.gz", hash = "sha256:75e41d8587915c2eee864586d37e468e2e6297a327b8a9d44422dfec5fbdd5bb"},
    {file = "adafruit_circuitpython_typing-1.9.4-py3-none-any.whl", hash = "sha256:fd76b076e3aefd78cd463d5cbdd6a8422f781ea69b2e6c6d6171173e1b3e8c99"},
]

[package.dependencies]
Adafruit-Blinka = "*"
adafruit-circuitpython-busdevice = "*"
adafruit-circuitpython-requests = "*"
typing-extensions = ">=4.0,<5.0"

[[package]]
name = "adafruit-platformdetect"
version = "3.52.1"
description = "Platform detection for use by libraries like Adafruit-Blinka."
optional = false
python-versions = "*"
files = [
    {file = "Adafruit-PlatformDetect-3.52.1.tar.gz", hash = "sha256:880cfe7061546562481cd1334321a3264c158fd18e2bca271d33bcb776ecd778"},
    {file = "Adafruit_PlatformDetect-3.52.1-py3-none-any.whl", hash = "sha256:984289b75c992576b585f5df8ec10d5bb09b9c0534434cc06fd97007a082e926"},
]

[[package]]
name = "adafruit-pureio"
version = "1.1.11"
description = "Pure python (i.e. no native extensions) access to Linux IO    including I2C and SPI. Drop in replacement for smbus and spidev modules."
optional = false
python-versions = ">=3.5.0"
files = [
    {file = "Adafruit_PureIO-1.1.11-py3-none-any.whl", hash = "sha256:281ab2099372cc0decc26326918996cbf21b8eed694ec4764d51eefa029d324e"},
    {file = "Adafruit_PureIO-1.1.11.tar.gz", hash = "sha256:c4cfbb365731942d1f1092a116f47dfdae0aef18c5b27f1072b5824ad5ea8c7c"},
]

[[package]]
name = "numpy"
version = "1.26.0"
description = "Fundamental package for array computing in Python"
optional = false
python-versions = "<3.13,>=3.9"
files = [
    {file = "numpy-1.26.0-cp310-cp310-macosx_10_9_x86_64.whl", hash = "sha256:f8db2f125746e44dce707dd44d4f4efeea8d7e2b43aace3f8d1f235cfa2733dd"},
    {file = "numpy-1.26.0-cp310-cp310-macosx_11_0_arm64.whl", hash = "sha256:0621f7daf973d34d18b4e4bafb210bbaf1ef5e0100b5fa750bd9cde84c7ac292"},
    {file = "numpy-1.26.0-cp310-cp310-manylinux_2_17_aarch64.manylinux2014_aarch64.whl", hash = "sha256:51be5f8c349fdd1a5568e72713a21f518e7d6707bcf8503b528b88d33b57dc68"},
    {file = "numpy-1.26.0-cp310-cp310-manylinux_2_17_x86_64.manylinux2014_x86_64.whl", hash = "sha256:767254ad364991ccfc4d81b8152912e53e103ec192d1bb4ea6b1f5a7117040be"},
    {file = "numpy-1.26.0-cp310-cp310-musllinux_1_1_x86_64.whl", hash = "sha256:436c8e9a4bdeeee84e3e59614d38c3dbd3235838a877af8c211cfcac8a80b8d3"},
    {file = "numpy-1.26.0-cp310-cp310-win32.whl", hash = "sha256:c2e698cb0c6dda9372ea98a0344245ee65bdc1c9dd939cceed6bb91256837896"},
    {file = "numpy-1.26.0-cp310-cp310-win_amd64.whl", hash = "sha256:09aaee96c2cbdea95de76ecb8a586cb687d281c881f5f17bfc0fb7f5890f6b91"},
    {file = "numpy-1.26.0-cp311-cp311-macosx_10_9_x86_64.whl", hash = "sha256:637c58b468a69869258b8ae26f4a4c6ff8abffd4a8334c830ffb63e0feefe99a"},
    {file = "numpy-1.26.0-cp311-cp311-macosx_11_0_arm64.whl", hash = "sha256:306545e234503a24fe9ae95ebf84d25cba1fdc27db971aa2d9f1ab6bba19a9dd"},
    {file = "numpy-1.26.0-cp311-cp311-manylinux_2_17_aarch64.manylinux2014_aarch64.whl", hash = "sha256:8c6adc33561bd1d46f81131d5352348350fc23df4d742bb246cdfca606ea1208"},
    {file = "numpy-1.26.0-cp311-cp311-manylinux_2_17_x86_64.manylinux2014_x86_64.whl", hash = "sha256:e062aa24638bb5018b7841977c360d2f5917268d125c833a686b7cbabbec496c"},
    {file = "numpy-1.26.0-cp311-cp311-musllinux_1_1_x86_64.whl", hash = "sha256:546b7dd7e22f3c6861463bebb000646fa730e55df5ee4a0224408b5694cc6148"},
    {file = "numpy-1.26.0-cp311-cp311-win32.whl", hash = "sha256:c0b45c8b65b79337dee5134d038346d30e109e9e2e9d43464a2970e5c0e93229"},
    {file = "numpy-1.26.0-cp311-cp311-win_amd64.whl", hash = "sha256:eae430ecf5794cb7ae7fa3808740b015aa80747e5266153128ef055975a72b99"},
    {file = "numpy-1.26.0-cp312-cp312-macosx_10_9_x86_64.whl", hash = "sha256:166b36197e9debc4e384e9c652ba60c0bacc216d0fc89e78f973a9760b503388"},
    {file = "numpy-1.26.0-cp312-cp312-macosx_11_0_arm64.whl", hash = "sha256:f042f66d0b4ae6d48e70e28d487376204d3cbf43b84c03bac57e28dac6151581"},
    {file = "numpy-1.26.0-cp312-cp312-manylinux_2_17_aarch64.manylinux2014_aarch64.whl", hash = "sha256:e5e18e5b14a7560d8acf1c596688f4dfd19b4f2945b245a71e5af4ddb7422feb"},
    {file = "numpy-1.26.0-cp312-cp312-manylinux_2_17_x86_64.manylinux2014_x86_64.whl", hash = "sha256:7f6bad22a791226d0a5c7c27a80a20e11cfe09ad5ef9084d4d3fc4a299cca505"},
    {file = "numpy-1.26.0-cp312-cp312-musllinux_1_1_x86_64.whl", hash = "sha256:4acc65dd65da28060e206c8f27a573455ed724e6179941edb19f97e58161bb69"},
    {file = "numpy-1.26.0-cp312-cp312-win32.whl", hash = "sha256:bb0d9a1aaf5f1cb7967320e80690a1d7ff69f1d47ebc5a9bea013e3a21faec95"},
    {file = "numpy-1.26.0-cp312-cp312-win_amd64.whl", hash = "sha256:ee84ca3c58fe48b8ddafdeb1db87388dce2c3c3f701bf447b05e4cfcc3679112"},
    {file = "numpy-1.26.0-cp39-cp39-macosx_10_9_x86_64.whl", hash = "sha256:4a873a8180479bc829313e8d9798d5234dfacfc2e8a7ac188418189bb8eafbd2"},
    {file = "numpy-1.26.0-cp39-cp39-macosx_11_0_arm64.whl", hash = "sha256:914b28d3215e0c721dc75db3ad6d62f51f630cb0c277e6b3bcb39519bed10bd8"},
    {file = "numpy-1.26.0-cp39-cp39-manylinux_2_17_aarch64.manylinux2014_aarch64.whl", hash = "sha256:c78a22e95182fb2e7874712433eaa610478a3caf86f28c621708d35fa4fd6e7f"},
    {file = "numpy-1.26.0-cp39-cp39-manylinux_2_17_x86_64.manylinux2014_x86_64.whl", hash = "sha256:86f737708b366c36b76e953c46ba5827d8c27b7a8c9d0f471810728e5a2fe57c"},
    {file = "numpy-1.26.0-cp39-cp39-musllinux_1_1_x86_64.whl", hash = "sha256:b44e6a09afc12952a7d2a58ca0a2429ee0d49a4f89d83a0a11052da696440e49"},
    {file = "numpy-1.26.0-cp39-cp39-win32.whl", hash = "sha256:5671338034b820c8d58c81ad1dafc0ed5a00771a82fccc71d6438df00302094b"},
    {file = "numpy-1.26.0-cp39-cp39-win_amd64.whl", hash = "sha256:020cdbee66ed46b671429c7265cf00d8ac91c046901c55684954c3958525dab2"},
    {file = "numpy-1.26.0-pp39-pypy39_pp73-macosx_10_9_x86_64.whl", hash = "sha256:0792824ce2f7ea0c82ed2e4fecc29bb86bee0567a080dacaf2e0a01fe7654369"},
    {file = "numpy-1.26.0-pp39-pypy39_pp73-manylinux_2_17_x86_64.manylinux2014_x86_64.whl", hash = "sha256:7d484292eaeb3e84a51432a94f53578689ffdea3f90e10c8b203a99be5af57d8"},
    {file = "numpy-1.26.0-pp39-pypy39_pp73-win_amd64.whl", hash = "sha256:186ba67fad3c60dbe8a3abff3b67a91351100f2661c8e2a80364ae6279720299"},
    {file = "numpy-1.26.0.tar.gz", hash = "sha256:f93fc78fe8bf15afe2b8d6b6499f1c73953169fad1e9a8dd086cdff3190e7fdf"},
]

[[package]]
name = "pillow"
version = "10.0.1"
description = "Python Imaging Library (Fork)"
optional = false
python-versions = ">=3.8"
files = [
    {file = "Pillow-10.0.1-cp310-cp310-macosx_10_10_x86_64.whl", hash = "sha256:8f06be50669087250f319b706decf69ca71fdecd829091a37cc89398ca4dc17a"},
    {file = "Pillow-10.0.1-cp310-cp310-macosx_11_0_arm64.whl", hash = "sha256:50bd5f1ebafe9362ad622072a1d2f5850ecfa44303531ff14353a4059113b12d"},
    {file = "Pillow-10.0.1-cp310-cp310-manylinux_2_17_aarch64.manylinux2014_aarch64.whl", hash = "sha256:e6a90167bcca1216606223a05e2cf991bb25b14695c518bc65639463d7db722d"},
    {file = "Pillow-10.0.1-cp310-cp310-manylinux_2_17_x86_64.manylinux2014_x86_64.whl", hash = "sha256:f11c9102c56ffb9ca87134bd025a43d2aba3f1155f508eff88f694b33a9c6d19"},
    {file = "Pillow-10.0.1-cp310-cp310-manylinux_2_28_aarch64.whl", hash = "sha256:186f7e04248103482ea6354af6d5bcedb62941ee08f7f788a1c7707bc720c66f"},
    {file = "Pillow-10.0.1-cp310-cp310-manylinux_2_28_x86_64.whl", hash = "sha256:0462b1496505a3462d0f35dc1c4d7b54069747d65d00ef48e736acda2c8cbdff"},
    {file = "Pillow-10.0.1-cp310-cp310-musllinux_1_1_aarch64.whl", hash = "sha256:d889b53ae2f030f756e61a7bff13684dcd77e9af8b10c6048fb2c559d6ed6eaf"},
    {file = "Pillow-10.0.1-cp310-cp310-musllinux_1_1_x86_64.whl", hash = "sha256:552912dbca585b74d75279a7570dd29fa43b6d93594abb494ebb31ac19ace6bd"},
    {file = "Pillow-10.0.1-cp310-cp310-win_amd64.whl", hash = "sha256:787bb0169d2385a798888e1122c980c6eff26bf941a8ea79747d35d8f9210ca0"},
    {file = "Pillow-10.0.1-cp311-cp311-macosx_10_10_x86_64.whl", hash = "sha256:fd2a5403a75b54661182b75ec6132437a181209b901446ee5724b589af8edef1"},
    {file = "Pillow-10.0.1-cp311-cp311-macosx_11_0_arm64.whl", hash = "sha256:2d7e91b4379f7a76b31c2dda84ab9e20c6220488e50f7822e59dac36b0cd92b1"},
    {file = "Pillow-10.0.1-cp311-cp311-manylinux_2_17_aarch64.manylinux2014_aarch64.whl", hash = "sha256:19e9adb3f22d4c416e7cd79b01375b17159d6990003633ff1d8377e21b7f1b21"},
    {file = "Pillow-10.0.1-cp311-cp311-manylinux_2_17_x86_64.manylinux2014_x86_64.whl", hash = "sha256:93139acd8109edcdeffd85e3af8ae7d88b258b3a1e13a038f542b79b6d255c54"},
    {file = "Pillow-10.0.1-cp311-cp311-manylinux_2_28_aarch64.whl", hash = "sha256:92a23b0431941a33242b1f0ce6c88a952e09feeea9af4e8be48236a68ffe2205"},
    {file = "Pillow-10.0.1-cp311-cp311-manylinux_2_28_x86_64.whl", hash = "sha256:cbe68deb8580462ca0d9eb56a81912f59eb4542e1ef8f987405e35a0179f4ea2"},
    {file = "Pillow-10.0.1-cp311-cp311-musllinux_1_1_aarch64.whl", hash = "sha256:522ff4ac3aaf839242c6f4e5b406634bfea002469656ae8358644fc6c4856a3b"},
    {file = "Pillow-10.0.1-cp311-cp311-musllinux_1_1_x86_64.whl", hash = "sha256:84efb46e8d881bb06b35d1d541aa87f574b58e87f781cbba8d200daa835b42e1"},
    {file = "Pillow-10.0.1-cp311-cp311-win_amd64.whl", hash = "sha256:898f1d306298ff40dc1b9ca24824f0488f6f039bc0e25cfb549d3195ffa17088"},
    {file = "Pillow-10.0.1-cp312-cp312-macosx_10_10_x86_64.whl", hash = "sha256:bcf1207e2f2385a576832af02702de104be71301c2696d0012b1b93fe34aaa5b"},
    {file = "Pillow-10.0.1-cp312-cp312-macosx_11_0_arm64.whl", hash = "sha256:5d6c9049c6274c1bb565021367431ad04481ebb54872edecfcd6088d27edd6ed"},
    {file = "Pillow-10.0.1-cp312-cp312-manylinux_2_17_aarch64.manylinux2014_aarch64.whl", hash = "sha256:28444cb6ad49726127d6b340217f0627abc8732f1194fd5352dec5e6a0105635"},
    {file = "Pillow-10.0.1-cp312-cp312-manylinux_2_17_x86_64.manylinux2014_x86_64.whl", hash = "sha256:de596695a75496deb3b499c8c4f8e60376e0516e1a774e7bc046f0f48cd620ad"},
    {file = "Pillow-10.0.1-cp312-cp312-manylinux_2_28_aarch64.whl", hash = "sha256:2872f2d7846cf39b3dbff64bc1104cc48c76145854256451d33c5faa55c04d1a"},
    {file = "Pillow-10.0.1-cp312-cp312-manylinux_2_28_x86_64.whl", hash = "sha256:4ce90f8a24e1c15465048959f1e94309dfef93af272633e8f37361b824532e91"},
    {file = "Pillow-10.0.1-cp312-cp312-musllinux_1_1_aarch64.whl", hash = "sha256:ee7810cf7c83fa227ba9125de6084e5e8b08c59038a7b2c9045ef4dde61663b4"},
    {file = "Pillow-10.0.1-cp312-cp312-musllinux_1_1_x86_64.whl", hash = "sha256:b1be1c872b9b5fcc229adeadbeb51422a9633abd847c0ff87dc4ef9bb184ae08"},
    {file = "Pillow-10.0.1-cp312-cp312-win_amd64.whl", hash = "sha256:98533fd7fa764e5f85eebe56c8e4094db912ccbe6fbf3a58778d543cadd0db08"},
    {file = "Pillow-10.0.1-cp38-cp38-macosx_10_10_x86_64.whl", hash = "sha256:764d2c0daf9c4d40ad12fbc0abd5da3af7f8aa11daf87e4fa1b834000f4b6b0a"},
    {file = "Pillow-10.0.1-cp38-cp38-macosx_11_0_arm64.whl", hash = "sha256:fcb59711009b0168d6ee0bd8fb5eb259c4ab1717b2f538bbf36bacf207ef7a68"},
    {file = "Pillow-10.0.1-cp38-cp38-manylinux_2_17_aarch64.manylinux2014_aarch64.whl", hash = "sha256:697a06bdcedd473b35e50a7e7506b1d8ceb832dc238a336bd6f4f5aa91a4b500"},
    {file = "Pillow-10.0.1-cp38-cp38-manylinux_2_17_x86_64.manylinux2014_x86_64.whl", hash = "sha256:9f665d1e6474af9f9da5e86c2a3a2d2d6204e04d5af9c06b9d42afa6ebde3f21"},
    {file = "Pillow-10.0.1-cp38-cp38-manylinux_2_28_aarch64.whl", hash = "sha256:2fa6dd2661838c66f1a5473f3b49ab610c98a128fc08afbe81b91a1f0bf8c51d"},
    {file = "Pillow-10.0.1-cp38-cp38-manylinux_2_28_x86_64.whl", hash = "sha256:3a04359f308ebee571a3127fdb1bd01f88ba6f6fb6d087f8dd2e0d9bff43f2a7"},
    {file = "Pillow-10.0.1-cp38-cp38-musllinux_1_1_aarch64.whl", hash = "sha256:723bd25051454cea9990203405fa6b74e043ea76d4968166dfd2569b0210886a"},
    {file = "Pillow-10.0.1-cp38-cp38-musllinux_1_1_x86_64.whl", hash = "sha256:71671503e3015da1b50bd18951e2f9daf5b6ffe36d16f1eb2c45711a301521a7"},
    {file = "Pillow-10.0.1-cp38-cp38-win_amd64.whl", hash = "sha256:44e7e4587392953e5e251190a964675f61e4dae88d1e6edbe9f36d6243547ff3"},
    {file = "Pillow-10.0.1-cp39-cp39-macosx_10_10_x86_64.whl", hash = "sha256:3855447d98cced8670aaa63683808df905e956f00348732448b5a6df67ee5849"},
    {file = "Pillow-10.0.1-cp39-cp39-macosx_11_0_arm64.whl", hash = "sha256:ed2d9c0704f2dc4fa980b99d565c0c9a543fe5101c25b3d60488b8ba80f0cce1"},
    {file = "Pillow-10.0.1-cp39-cp39-manylinux_2_17_aarch64.manylinux2014_aarch64.whl", hash = "sha256:f5bb289bb835f9fe1a1e9300d011eef4d69661bb9b34d5e196e5e82c4cb09b37"},
    {file = "Pillow-10.0.1-cp39-cp39-manylinux_2_17_x86_64.manylinux2014_x86_64.whl", hash = "sha256:3a0d3e54ab1df9df51b914b2233cf779a5a10dfd1ce339d0421748232cea9876"},
    {file = "Pillow-10.0.1-cp39-cp39-manylinux_2_28_aarch64.whl", hash = "sha256:2cc6b86ece42a11f16f55fe8903595eff2b25e0358dec635d0a701ac9586588f"},
    {file = "Pillow-10.0.1-cp39-cp39-manylinux_2_28_x86_64.whl", hash = "sha256:ca26ba5767888c84bf5a0c1a32f069e8204ce8c21d00a49c90dabeba00ce0145"},
    {file = "Pillow-10.0.1-cp39-cp39-musllinux_1_1_aarch64.whl", hash = "sha256:f0b4b06da13275bc02adfeb82643c4a6385bd08d26f03068c2796f60d125f6f2"},
    {file = "Pillow-10.0.1-cp39-cp39-musllinux_1_1_x86_64.whl", hash = "sha256:bc2e3069569ea9dbe88d6b8ea38f439a6aad8f6e7a6283a38edf61ddefb3a9bf"},
    {file = "Pillow-10.0.1-cp39-cp39-win_amd64.whl", hash = "sha256:8b451d6ead6e3500b6ce5c7916a43d8d8d25ad74b9102a629baccc0808c54971"},
    {file = "Pillow-10.0.1-pp310-pypy310_pp73-macosx_10_10_x86_64.whl", hash = "sha256:32bec7423cdf25c9038fef614a853c9d25c07590e1a870ed471f47fb80b244db"},
    {file = "Pillow-10.0.1-pp310-pypy310_pp73-manylinux_2_17_x86_64.manylinux2014_x86_64.whl", hash = "sha256:b7cf63d2c6928b51d35dfdbda6f2c1fddbe51a6bc4a9d4ee6ea0e11670dd981e"},
    {file = "Pillow-10.0.1-pp310-pypy310_pp73-manylinux_2_28_x86_64.whl", hash = "sha256:f6d3d4c905e26354e8f9d82548475c46d8e0889538cb0657aa9c6f0872a37aa4"},
    {file = "Pillow-10.0.1-pp310-pypy310_pp73-win_amd64.whl", hash = "sha256:847e8d1017c741c735d3cd1883fa7b03ded4f825a6e5fcb9378fd813edee995f"},
    {file = "Pillow-10.0.1-pp39-pypy39_pp73-macosx_10_10_x86_64.whl", hash = "sha256:7f771e7219ff04b79e231d099c0a28ed83aa82af91fd5fa9fdb28f5b8d5addaf"},
    {file = "Pillow-10.0.1-pp39-pypy39_pp73-manylinux_2_17_x86_64.manylinux2014_x86_64.whl", hash = "sha256:459307cacdd4138edee3875bbe22a2492519e060660eaf378ba3b405d1c66317"},
    {file = "Pillow-10.0.1-pp39-pypy39_pp73-manylinux_2_28_x86_64.whl", hash = "sha256:b059ac2c4c7a97daafa7dc850b43b2d3667def858a4f112d1aa082e5c3d6cf7d"},
    {file = "Pillow-10.0.1-pp39-pypy39_pp73-win_amd64.whl", hash = "sha256:d6caf3cd38449ec3cd8a68b375e0c6fe4b6fd04edb6c9766b55ef84a6e8ddf2d"},
    {file = "Pillow-10.0.1.tar.gz", hash = "sha256:d72967b06be9300fed5cfbc8b5bafceec48bf7cdc7dab66b1d2549035287191d"},
]

[package.extras]
docs = ["furo", "olefile", "sphinx (>=2.4)", "sphinx-copybutton", "sphinx-inline-tabs", "sphinx-removed-in", "sphinxext-opengraph"]
tests = ["check-manifest", "coverage", "defusedxml", "markdown2", "olefile", "packaging", "pyroma", "pytest", "pytest-cov", "pytest-timeout"]

[[package]]
name = "pyftdi"
version = "0.55.0"
description = "FTDI device driver (pure Python)"
optional = false
python-versions = ">=3.8"
files = [
    {file = "pyftdi-0.55.0-py3-none-any.whl", hash = "sha256:6af7b6c73da1256fd5140076fe77a616c13e44dd0779dd561dac1b5981dbd43f"},
    {file = "pyftdi-0.55.0.tar.gz", hash = "sha256:a747bbbccc4eeea26cefa2c8bd3d2b8bef8c94ecb6969bb9c75a63640887519a"},
]

[package.dependencies]
pyserial = ">=3.0"
pyusb = ">=1.0.0,<1.2.0 || >1.2.0"

[[package]]
name = "pyserial"
version = "3.5"
description = "Python Serial Port Extension"
optional = false
python-versions = "*"
files = [
    {file = "pyserial-3.5-py2.py3-none-any.whl", hash = "sha256:c4451db6ba391ca6ca299fb3ec7bae67a5c55dde170964c7a14ceefec02f2cf0"},
    {file = "pyserial-3.5.tar.gz", hash = "sha256:3c77e014170dfffbd816e6ffc205e9842efb10be9f58ec16d3e8675b4925cddb"},
]

[package.extras]
cp2110 = ["hidapi"]

[[package]]
name = "pyusb"
version = "1.2.1"
description = "Python USB access module"
optional = false
python-versions = ">=3.6.0"
files = [
    {file = "pyusb-1.2.1-py3-none-any.whl", hash = "sha256:2b4c7cb86dbadf044dfb9d3a4ff69fd217013dbe78a792177a3feb172449ea36"},
    {file = "pyusb-1.2.1.tar.gz", hash = "sha256:a4cc7404a203144754164b8b40994e2849fde1cfff06b08492f12fff9d9de7b9"},
]

[[package]]
name = "typing-extensions"
version = "4.8.0"
description = "Backported and Experimental Type Hints for Python 3.8+"
optional = false
python-versions = ">=3.8"
files = [
    {file = "typing_extensions-4.8.0-py3-none-any.whl", hash = "sha256:8f92fc8806f9a6b641eaa5318da32b44d401efaac0f6678c9bc448ba3605faa0"},
    {file = "typing_extensions-4.8.0.tar.gz", hash = "sha256:df8e4339e9cb77357558cbdbceca33c303714cf861d1eef15e1070055ae8b7ef"},
]

[metadata]
lock-version = "2.0"
python-versions = "3.10.6"
content-hash = "6b82814fda8ce9c8ea9fa4fc494e45da2a59d4e5d0a8e4efa5474b911fc61b78"
